// !$*UTF8*$!
{
	archiveVersion = 1;
	classes = {
	};
	objectVersion = 46;
	objects = {

/* Begin PBXBuildFile section */
		630FA02B1C45046700D311A5 /* main.m in Sources */ = {isa = PBXBuildFile; fileRef = 630FA02A1C45046700D311A5 /* main.m */; };
		630FA02E1C45046700D311A5 /* AppDelegate.m in Sources */ = {isa = PBXBuildFile; fileRef = 630FA02D1C45046700D311A5 /* AppDelegate.m */; };
		630FA0311C45046700D311A5 /* ViewController.m in Sources */ = {isa = PBXBuildFile; fileRef = 630FA0301C45046700D311A5 /* ViewController.m */; };
		630FA0341C45046700D311A5 /* Main.storyboard in Resources */ = {isa = PBXBuildFile; fileRef = 630FA0321C45046700D311A5 /* Main.storyboard */; };
		630FA0361C45046700D311A5 /* Assets.xcassets in Resources */ = {isa = PBXBuildFile; fileRef = 630FA0351C45046700D311A5 /* Assets.xcassets */; };
		630FA0391C45046700D311A5 /* LaunchScreen.storyboard in Resources */ = {isa = PBXBuildFile; fileRef = 630FA0371C45046700D311A5 /* LaunchScreen.storyboard */; };
/* End PBXBuildFile section */

/* Begin PBXFileReference section */
		630FA0261C45046700D311A5 /* UnitConverter.app */ = {isa = PBXFileReference; explicitFileType = wrapper.application; includeInIndex = 0; path = UnitConverter.app; sourceTree = BUILT_PRODUCTS_DIR; };
		630FA02A1C45046700D311A5 /* main.m */ = {isa = PBXFileReference; lastKnownFileType = sourcecode.c.objc; path = main.m; sourceTree = "<group>"; };
		630FA02C1C45046700D311A5 /* AppDelegate.h */ = {isa = PBXFileReference; lastKnownFileType = sourcecode.c.h; path = AppDelegate.h; sourceTree = "<group>"; };
		630FA02D1C45046700D311A5 /* AppDelegate.m */ = {isa = PBXFileReference; lastKnownFileType = sourcecode.c.objc; path = AppDelegate.m; sourceTree = "<group>"; };
		630FA02F1C45046700D311A5 /* ViewController.h */ = {isa = PBXFileReference; lastKnownFileType = sourcecode.c.h; path = ViewController.h; sourceTree = "<group>"; };
		630FA0301C45046700D311A5 /* ViewController.m */ = {isa = PBXFileReference; lastKnownFileType = sourcecode.c.objc; path = ViewController.m; sourceTree = "<group>"; };
		630FA0331C45046700D311A5 /* Base */ = {isa = PBXFileReference; lastKnownFileType = file.storyboard; name = Base; path = Base.lproj/Main.storyboard; sourceTree = "<group>"; };
		630FA0351C45046700D311A5 /* Assets.xcassets */ = {isa = PBXFileReference; lastKnownFileType = folder.assetcatalog; path = Assets.xcassets; sourceTree = "<group>"; };
		630FA0381C45046700D311A5 /* Base */ = {isa = PBXFileReference; lastKnownFileType = file.storyboard; name = Base; path = Base.lproj/LaunchScreen.storyboard; sourceTree = "<group>"; };
		630FA03A1C45046700D311A5 /* Info.plist */ = {isa = PBXFileReference; lastKnownFileType = text.plist.xml; path = Info.plist; sourceTree = "<group>"; };
/* End PBXFileReference section */

/* Begin PBXFrameworksBuildPhase section */
		630FA0231C45046700D311A5 /* Frameworks */ = {
			isa = PBXFrameworksBuildPhase;
			buildActionMask = 2147483647;
			files = (
			);
			runOnlyForDeploymentPostprocessing = 0;
		};
/* End PBXFrameworksBuildPhase section */

/* Begin PBXGroup section */
		630FA01D1C45046700D311A5 = {
			isa = PBXGroup;
			children = (
				630FA0281C45046700D311A5 /* UnitConverter */,
				630FA0271C45046700D311A5 /* Products */,
			);
			sourceTree = "<group>";
		};
		630FA0271C45046700D311A5 /* Products */ = {
			isa = PBXGroup;
			children = (
				630FA0261C45046700D311A5 /* UnitConverter.app */,
			);
			name = Products;
			sourceTree = "<group>";
		};
		630FA0281C45046700D311A5 /* UnitConverter */ = {
			isa = PBXGroup;
			children = (
				630FA02C1C45046700D311A5 /* AppDelegate.h */,
				630FA02D1C45046700D311A5 /* AppDelegate.m */,
				630FA02F1C45046700D311A5 /* ViewController.h */,
				630FA0301C45046700D311A5 /* ViewController.m */,
				630FA0321C45046700D311A5 /* Main.storyboard */,
				630FA0351C45046700D311A5 /* Assets.xcassets */,
				630FA0371C45046700D311A5 /* LaunchScreen.storyboard */,
				630FA03A1C45046700D311A5 /* Info.plist */,
				630FA0291C45046700D311A5 /* Supporting Files */,
			);
			path = UnitConverter;
			sourceTree = "<group>";
		};
		630FA0291C45046700D311A5 /* Supporting Files */ = {
			isa = PBXGroup;
			children = (
				630FA02A1C45046700D311A5 /* main.m */,
			);
			name = "Supporting Files";
			sourceTree = "<group>";
		};
/* End PBXGroup section */

/* Begin PBXNativeTarget section */
		630FA0251C45046700D311A5 /* UnitConverter */ = {
			isa = PBXNativeTarget;
			buildConfigurationList = 630FA03D1C45046700D311A5 /* Build configuration list for PBXNativeTarget "UnitConverter" */;
			buildPhases = (
				630FA0221C45046700D311A5 /* Sources */,
				630FA0231C45046700D311A5 /* Frameworks */,
				630FA0241C45046700D311A5 /* Resources */,
			);
			buildRules = (
			);
			dependencies = (
			);
			name = UnitConverter;
			productName = UnitConverter;
			productReference = 630FA0261C45046700D311A5 /* UnitConverter.app */;
			productType = "com.apple.product-type.application";
		};
/* End PBXNativeTarget section */

/* Begin PBXProject section */
		630FA01E1C45046700D311A5 /* Project object */ = {
			isa = PBXProject;
			attributes = {
				LastUpgradeCheck = 0720;
				ORGANIZATIONNAME = "Sonja Riethig";
				TargetAttributes = {
					630FA0251C45046700D311A5 = {
						CreatedOnToolsVersion = 7.2;
					};
				};
			};
			buildConfigurationList = 630FA0211C45046700D311A5 /* Build configuration list for PBXProject "UnitConverter" */;
			compatibilityVersion = "Xcode 3.2";
			developmentRegion = English;
			hasScannedForEncodings = 0;
			knownRegions = (
				en,
				Base,
			);
			mainGroup = 630FA01D1C45046700D311A5;
			productRefGroup = 630FA0271C45046700D311A5 /* Products */;
			projectDirPath = "";
			projectRoot = "";
			targets = (
				630FA0251C45046700D311A5 /* UnitConverter */,
			);
		};
/* End PBXProject section */

/* Begin PBXResourcesBuildPhase section */
		630FA0241C45046700D311A5 /* Resources */ = {
			isa = PBXResourcesBuildPhase;
			buildActionMask = 2147483647;
			files = (
				630FA0391C45046700D311A5 /* LaunchScreen.storyboard in Resources */,
				630FA0361C45046700D311A5 /* Assets.xcassets in Resources */,
				630FA0341C45046700D311A5 /* Main.storyboard in Resources */,
			);
			runOnlyForDeploymentPostprocessing = 0;
		};
/* End PBXResourcesBuildPhase section */

/* Begin PBXSourcesBuildPhase section */
		630FA0221C45046700D311A5 /* Sources */ = {
			isa = PBXSourcesBuildPhase;
			buildActionMask = 2147483647;
			files = (
				630FA0311C45046700D311A5 /* ViewController.m in Sources */,
				630FA02E1C45046700D311A5 /* AppDelegate.m in Sources */,
				630FA02B1C45046700D311A5 /* main.m in Sources */,
			);
			runOnlyForDeploymentPostprocessing = 0;
		};
/* End PBXSourcesBuildPhase section */

/* Begin PBXVariantGroup section */
		630FA0321C45046700D311A5 /* Main.storyboard */ = {
			isa = PBXVariantGroup;
			children = (
				630FA0331C45046700D311A5 /* Base */,
			);
			name = Main.storyboard;
			sourceTree = "<group>";
		};
		630FA0371C45046700D311A5 /* LaunchScreen.storyboard */ = {
			isa = PBXVariantGroup;
			children = (
				630FA0381C45046700D311A5 /* Base */,
			);
			name = LaunchScreen.storyboard;
			sourceTree = "<group>";
		};
/* End PBXVariantGroup section */

/* Begin XCBuildConfiguration section */
		630FA03B1C45046700D311A5 /* Debug */ = {
			isa = XCBuildConfiguration;
			buildSettings = {
				ALWAYS_SEARCH_USER_PATHS = NO;
				CLANG_CXX_LANGUAGE_STANDARD = "gnu++0x";
				CLANG_CXX_LIBRARY = "libc++";
				CLANG_ENABLE_MODULES = YES;
				CLANG_ENABLE_OBJC_ARC = YES;
				CLANG_WARN_BOOL_CONVERSION = YES;
				CLANG_WARN_CONSTANT_CONVERSION = YES;
				CLANG_WARN_DIRECT_OBJC_ISA_USAGE = YES_ERROR;
				CLANG_WARN_EMPTY_BODY = YES;
				CLANG_WARN_ENUM_CONVERSION = YES;
				CLANG_WARN_INT_CONVERSION = YES;
				CLANG_WARN_OBJC_ROOT_CLASS = YES_ERROR;
				CLANG_WARN_UNREACHABLE_CODE = YES;
				CLANG_WARN__DUPLICATE_METHOD_MATCH = YES;
				"CODE_SIGN_IDENTITY[sdk=iphoneos*]" = "iPhone Developer";
				COPY_PHASE_STRIP = NO;
				DEBUG_INFORMATION_FORMAT = dwarf;
				ENABLE_STRICT_OBJC_MSGSEND = YES;
				ENABLE_TESTABILITY = YES;
				GCC_C_LANGUAGE_STANDARD = gnu99;
				GCC_DYNAMIC_NO_PIC = NO;
				GCC_NO_COMMON_BLOCKS = YES;
				GCC_OPTIMIZATION_LEVEL = 0;
				GCC_PREPROCESSOR_DEFINITIONS = (
					"DEBUG=1",
					"$(inherited)",
				);
				GCC_WARN_64_TO_32_BIT_CONVERSION = YES;
				GCC_WARN_ABOUT_RETURN_TYPE = YES_ERROR;
				GCC_WARN_UNDECLARED_SELECTOR = YES;
				GCC_WARN_UNINITIALIZED_AUTOS = YES_AGGRESSIVE;
				GCC_WARN_UNUSED_FUNCTION = YES;
				GCC_WARN_UNUSED_VARIABLE = YES;
				IPHONEOS_DEPLOYMENT_TARGET = 9.2;
				MTL_ENABLE_DEBUG_INFO = YES;
				ONLY_ACTIVE_ARCH = YES;
				SDKROOT = iphoneos;
				TARGETED_DEVICE_FAMILY = "1,2";
			};
			name = Debug;
		};
		630FA03C1C45046700D311A5 /* Release */ = {
			isa = XCBuildConfiguration;
			buildSettings = {
				ALWAYS_SEARCH_USER_PATHS = NO;
				CLANG_CXX_LANGUAGE_STANDARD = "gnu++0x";
				CLANG_CXX_LIBRARY = "libc++";
				CLANG_ENABLE_MODULES = YES;
				CLANG_ENABLE_OBJC_ARC = YES;
				CLANG_WARN_BOOL_CONVERSION = YES;
				CLANG_WARN_CONSTANT_CONVERSION = YES;
				CLANG_WARN_DIRECT_OBJC_ISA_USAGE = YES_ERROR;
				CLANG_WARN_EMPTY_BODY = YES;
				CLANG_WARN_ENUM_CONVERSION = YES;
				CLANG_WARN_INT_CONVERSION = YES;
				CLANG_WARN_OBJC_ROOT_CLASS = YES_ERROR;
				CLANG_WARN_UNREACHABLE_CODE = YES;
				CLANG_WARN__DUPLICATE_METHOD_MATCH = YES;
				"CODE_SIGN_IDENTITY[sdk=iphoneos*]" = "iPhone Developer";
				COPY_PHASE_STRIP = NO;
				DEBUG_INFORMATION_FORMAT = "dwarf-with-dsym";
				ENABLE_NS_ASSERTIONS = NO;
				ENABLE_STRICT_OBJC_MSGSEND = YES;
				GCC_C_LANGUAGE_STANDARD = gnu99;
				GCC_NO_COMMON_BLOCKS = YES;
				GCC_WARN_64_TO_32_BIT_CONVERSION = YES;
				GCC_WARN_ABOUT_RETURN_TYPE = YES_ERROR;
				GCC_WARN_UNDECLARED_SELECTOR = YES;
				GCC_WARN_UNINITIALIZED_AUTOS = YES_AGGRESSIVE;
				GCC_WARN_UNUSED_FUNCTION = YES;
				GCC_WARN_UNUSED_VARIABLE = YES;
				IPHONEOS_DEPLOYMENT_TARGET = 9.2;
				MTL_ENABLE_DEBUG_INFO = NO;
				SDKROOT = iphoneos;
				TARGETED_DEVICE_FAMILY = "1,2";
				VALIDATE_PRODUCT = YES;
			};
			name = Release;
		};
		630FA03E1C45046700D311A5 /* Debug */ = {
			isa = XCBuildConfiguration;
			buildSettings = {
				ASSETCATALOG_COMPILER_APPICON_NAME = AppIcon;
				INFOPLIST_FILE = UnitConverter/Info.plist;
				LD_RUNPATH_SEARCH_PATHS = "$(inherited) @executable_path/Frameworks";
				PRODUCT_BUNDLE_IDENTIFIER = com.coursera.UnitConverter;
				PRODUCT_NAME = "$(TARGET_NAME)";
			};
			name = Debug;
		};
		630FA03F1C45046700D311A5 /* Release */ = {
			isa = XCBuildConfiguration;
			buildSettings = {
				ASSETCATALOG_COMPILER_APPICON_NAME = AppIcon;
				INFOPLIST_FILE = UnitConverter/Info.plist;
				LD_RUNPATH_SEARCH_PATHS = "$(inherited) @executable_path/Frameworks";
				PRODUCT_BUNDLE_IDENTIFIER = com.coursera.UnitConverter;
				PRODUCT_NAME = "$(TARGET_NAME)";
			};
			name = Release;
		};
/* End XCBuildConfiguration section */

/* Begin XCConfigurationList section */
		630FA0211C45046700D311A5 /* Build configuration list for PBXProject "UnitConverter" */ = {
			isa = XCConfigurationList;
			buildConfigurations = (
				630FA03B1C45046700D311A5 /* Debug */,
				630FA03C1C45046700D311A5 /* Release */,
			);
			defaultConfigurationIsVisible = 0;
			defaultConfigurationName = Release;
		};
		630FA03D1C45046700D311A5 /* Build configuration list for PBXNativeTarget "UnitConverter" */ = {
			isa = XCConfigurationList;
			buildConfigurations = (
				630FA03E1C45046700D311A5 /* Debug */,
				630FA03F1C45046700D311A5 /* Release */,
			);
			defaultConfigurationIsVisible = 0;
		};
/* End XCConfigurationList section */
	};
	rootObject = 630FA01E1C45046700D311A5 /* Project object */;
}
